// !$*UTF8*$!
{
	archiveVersion = 1;
	classes = {
	};
	objectVersion = 46;
	objects = {

/* Begin PBXBuildFile section */
		171D23421883B9FB00E521B5 /* Foundation.framework in Frameworks */ = {isa = PBXBuildFile; fileRef = 171D23411883B9FB00E521B5 /* Foundation.framework */; };
		171D23441883B9FB00E521B5 /* CoreGraphics.framework in Frameworks */ = {isa = PBXBuildFile; fileRef = 171D23431883B9FB00E521B5 /* CoreGraphics.framework */; };
		171D23461883B9FB00E521B5 /* UIKit.framework in Frameworks */ = {isa = PBXBuildFile; fileRef = 171D23451883B9FB00E521B5 /* UIKit.framework */; };
		171D234C1883B9FB00E521B5 /* InfoPlist.strings in Resources */ = {isa = PBXBuildFile; fileRef = 171D234A1883B9FB00E521B5 /* InfoPlist.strings */; };
		171D234E1883B9FB00E521B5 /* main.m in Sources */ = {isa = PBXBuildFile; fileRef = 171D234D1883B9FB00E521B5 /* main.m */; };
		171D23521883B9FB00E521B5 /* XYZAppDelegate.m in Sources */ = {isa = PBXBuildFile; fileRef = 171D23511883B9FB00E521B5 /* XYZAppDelegate.m */; };
		171D23551883B9FB00E521B5 /* Main.storyboard in Resources */ = {isa = PBXBuildFile; fileRef = 171D23531883B9FB00E521B5 /* Main.storyboard */; };
		171D23581883B9FB00E521B5 /* XYZViewController.m in Sources */ = {isa = PBXBuildFile; fileRef = 171D23571883B9FB00E521B5 /* XYZViewController.m */; };
		171D235A1883B9FB00E521B5 /* Images.xcassets in Resources */ = {isa = PBXBuildFile; fileRef = 171D23591883B9FB00E521B5 /* Images.xcassets */; };
		171D23611883B9FB00E521B5 /* XCTest.framework in Frameworks */ = {isa = PBXBuildFile; fileRef = 171D23601883B9FB00E521B5 /* XCTest.framework */; };
		171D23621883B9FB00E521B5 /* Foundation.framework in Frameworks */ = {isa = PBXBuildFile; fileRef = 171D23411883B9FB00E521B5 /* Foundation.framework */; };
		171D23631883B9FB00E521B5 /* UIKit.framework in Frameworks */ = {isa = PBXBuildFile; fileRef = 171D23451883B9FB00E521B5 /* UIKit.framework */; };
		171D236B1883B9FB00E521B5 /* InfoPlist.strings in Resources */ = {isa = PBXBuildFile; fileRef = 171D23691883B9FB00E521B5 /* InfoPlist.strings */; };
		171D236D1883B9FB00E521B5 /* Outlet_ExampleTests.m in Sources */ = {isa = PBXBuildFile; fileRef = 171D236C1883B9FB00E521B5 /* Outlet_ExampleTests.m */; };
/* End PBXBuildFile section */

/* Begin PBXContainerItemProxy section */
		171D23641883B9FB00E521B5 /* PBXContainerItemProxy */ = {
			isa = PBXContainerItemProxy;
			containerPortal = 171D23361883B9FB00E521B5 /* Project object */;
			proxyType = 1;
			remoteGlobalIDString = 171D233D1883B9FB00E521B5;
			remoteInfo = "Outlet Example";
		};
/* End PBXContainerItemProxy section */

/* Begin PBXFileReference section */
		171D233E1883B9FB00E521B5 /* Outlet Example.app */ = {isa = PBXFileReference; explicitFileType = wrapper.application; includeInIndex = 0; path = "Outlet Example.app"; sourceTree = BUILT_PRODUCTS_DIR; };
		171D23411883B9FB00E521B5 /* Foundation.framework */ = {isa = PBXFileReference; lastKnownFileType = wrapper.framework; name = Foundation.framework; path = System/Library/Frameworks/Foundation.framework; sourceTree = SDKROOT; };
		171D23431883B9FB00E521B5 /* CoreGraphics.framework */ = {isa = PBXFileReference; lastKnownFileType = wrapper.framework; name = CoreGraphics.framework; path = System/Library/Frameworks/CoreGraphics.framework; sourceTree = SDKROOT; };
		171D23451883B9FB00E521B5 /* UIKit.framework */ = {isa = PBXFileReference; lastKnownFileType = wrapper.framework; name = UIKit.framework; path = System/Library/Frameworks/UIKit.framework; sourceTree = SDKROOT; };
		171D23491883B9FB00E521B5 /* Outlet Example-Info.plist */ = {isa = PBXFileReference; lastKnownFileType = text.plist.xml; path = "Outlet Example-Info.plist"; sourceTree = "<group>"; };
		171D234B1883B9FB00E521B5 /* en */ = {isa = PBXFileReference; lastKnownFileType = text.plist.strings; name = en; path = en.lproj/InfoPlist.strings; sourceTree = "<group>"; };
		171D234D1883B9FB00E521B5 /* main.m */ = {isa = PBXFileReference; lastKnownFileType = sourcecode.c.objc; path = main.m; sourceTree = "<group>"; };
		171D234F1883B9FB00E521B5 /* Outlet Example-Prefix.pch */ = {isa = PBXFileReference; lastKnownFileType = sourcecode.c.h; path = "Outlet Example-Prefix.pch"; sourceTree = "<group>"; };
		171D23501883B9FB00E521B5 /* XYZAppDelegate.h */ = {isa = PBXFileReference; lastKnownFileType = sourcecode.c.h; path = XYZAppDelegate.h; sourceTree = "<group>"; };
		171D23511883B9FB00E521B5 /* XYZAppDelegate.m */ = {isa = PBXFileReference; lastKnownFileType = sourcecode.c.objc; path = XYZAppDelegate.m; sourceTree = "<group>"; };
		171D23541883B9FB00E521B5 /* Base */ = {isa = PBXFileReference; lastKnownFileType = file.storyboard; name = Base; path = Base.lproj/Main.storyboard; sourceTree = "<group>"; };
		171D23561883B9FB00E521B5 /* XYZViewController.h */ = {isa = PBXFileReference; lastKnownFileType = sourcecode.c.h; path = XYZViewController.h; sourceTree = "<group>"; };
		171D23571883B9FB00E521B5 /* XYZViewController.m */ = {isa = PBXFileReference; lastKnownFileType = sourcecode.c.objc; path = XYZViewController.m; sourceTree = "<group>"; };
		171D23591883B9FB00E521B5 /* Images.xcassets */ = {isa = PBXFileReference; lastKnownFileType = folder.assetcatalog; path = Images.xcassets; sourceTree = "<group>"; };
		171D235F1883B9FB00E521B5 /* Outlet ExampleTests.xctest */ = {isa = PBXFileReference; explicitFileType = wrapper.cfbundle; includeInIndex = 0; path = "Outlet ExampleTests.xctest"; sourceTree = BUILT_PRODUCTS_DIR; };
		171D23601883B9FB00E521B5 /* XCTest.framework */ = {isa = PBXFileReference; lastKnownFileType = wrapper.framework; name = XCTest.framework; path = Library/Frameworks/XCTest.framework; sourceTree = DEVELOPER_DIR; };
		171D23681883B9FB00E521B5 /* Outlet ExampleTests-Info.plist */ = {isa = PBXFileReference; lastKnownFileType = text.plist.xml; path = "Outlet ExampleTests-Info.plist"; sourceTree = "<group>"; };
		171D236A1883B9FB00E521B5 /* en */ = {isa = PBXFileReference; lastKnownFileType = text.plist.strings; name = en; path = en.lproj/InfoPlist.strings; sourceTree = "<group>"; };
		171D236C1883B9FB00E521B5 /* Outlet_ExampleTests.m */ = {isa = PBXFileReference; lastKnownFileType = sourcecode.c.objc; path = Outlet_ExampleTests.m; sourceTree = "<group>"; };
/* End PBXFileReference section */

/* Begin PBXFrameworksBuildPhase section */
		171D233B1883B9FB00E521B5 /* Frameworks */ = {
			isa = PBXFrameworksBuildPhase;
			buildActionMask = 2147483647;
			files = (
				171D23441883B9FB00E521B5 /* CoreGraphics.framework in Frameworks */,
				171D23461883B9FB00E521B5 /* UIKit.framework in Frameworks */,
				171D23421883B9FB00E521B5 /* Foundation.framework in Frameworks */,
			);
			runOnlyForDeploymentPostprocessing = 0;
		};
		171D235C1883B9FB00E521B5 /* Frameworks */ = {
			isa = PBXFrameworksBuildPhase;
			buildActionMask = 2147483647;
			files = (
				171D23611883B9FB00E521B5 /* XCTest.framework in Frameworks */,
				171D23631883B9FB00E521B5 /* UIKit.framework in Frameworks */,
				171D23621883B9FB00E521B5 /* Foundation.framework in Frameworks */,
			);
			runOnlyForDeploymentPostprocessing = 0;
		};
/* End PBXFrameworksBuildPhase section */

/* Begin PBXGroup section */
		171D23351883B9FB00E521B5 = {
			isa = PBXGroup;
			children = (
				171D23471883B9FB00E521B5 /* Outlet Example */,
				171D23661883B9FB00E521B5 /* Outlet ExampleTests */,
				171D23401883B9FB00E521B5 /* Frameworks */,
				171D233F1883B9FB00E521B5 /* Products */,
			);
			sourceTree = "<group>";
		};
		171D233F1883B9FB00E521B5 /* Products */ = {
			isa = PBXGroup;
			children = (
				171D233E1883B9FB00E521B5 /* Outlet Example.app */,
				171D235F1883B9FB00E521B5 /* Outlet ExampleTests.xctest */,
			);
			name = Products;
			sourceTree = "<group>";
		};
		171D23401883B9FB00E521B5 /* Frameworks */ = {
			isa = PBXGroup;
			children = (
				171D23411883B9FB00E521B5 /* Foundation.framework */,
				171D23431883B9FB00E521B5 /* CoreGraphics.framework */,
				171D23451883B9FB00E521B5 /* UIKit.framework */,
				171D23601883B9FB00E521B5 /* XCTest.framework */,
			);
			name = Frameworks;
			sourceTree = "<group>";
		};
		171D23471883B9FB00E521B5 /* Outlet Example */ = {
			isa = PBXGroup;
			children = (
				171D23501883B9FB00E521B5 /* XYZAppDelegate.h */,
				171D23511883B9FB00E521B5 /* XYZAppDelegate.m */,
				171D23531883B9FB00E521B5 /* Main.storyboard */,
				171D23561883B9FB00E521B5 /* XYZViewController.h */,
				171D23571883B9FB00E521B5 /* XYZViewController.m */,
				171D23591883B9FB00E521B5 /* Images.xcassets */,
				171D23481883B9FB00E521B5 /* Supporting Files */,
			);
			path = "Outlet Example";
			sourceTree = "<group>";
		};
		171D23481883B9FB00E521B5 /* Supporting Files */ = {
			isa = PBXGroup;
			children = (
				171D23491883B9FB00E521B5 /* Outlet Example-Info.plist */,
				171D234A1883B9FB00E521B5 /* InfoPlist.strings */,
				171D234D1883B9FB00E521B5 /* main.m */,
				171D234F1883B9FB00E521B5 /* Outlet Example-Prefix.pch */,
			);
			name = "Supporting Files";
			sourceTree = "<group>";
		};
		171D23661883B9FB00E521B5 /* Outlet ExampleTests */ = {
			isa = PBXGroup;
			children = (
				171D236C1883B9FB00E521B5 /* Outlet_ExampleTests.m */,
				171D23671883B9FB00E521B5 /* Supporting Files */,
			);
			path = "Outlet ExampleTests";
			sourceTree = "<group>";
		};
		171D23671883B9FB00E521B5 /* Supporting Files */ = {
			isa = PBXGroup;
			children = (
				171D23681883B9FB00E521B5 /* Outlet ExampleTests-Info.plist */,
				171D23691883B9FB00E521B5 /* InfoPlist.strings */,
			);
			name = "Supporting Files";
			sourceTree = "<group>";
		};
/* End PBXGroup section */

/* Begin PBXNativeTarget section */
		171D233D1883B9FB00E521B5 /* Outlet Example */ = {
			isa = PBXNativeTarget;
			buildConfigurationList = 171D23701883B9FB00E521B5 /* Build configuration list for PBXNativeTarget "Outlet Example" */;
			buildPhases = (
				171D233A1883B9FB00E521B5 /* Sources */,
				171D233B1883B9FB00E521B5 /* Frameworks */,
				171D233C1883B9FB00E521B5 /* Resources */,
			);
			buildRules = (
			);
			dependencies = (
			);
			name = "Outlet Example";
			productName = "Outlet Example";
			productReference = 171D233E1883B9FB00E521B5 /* Outlet Example.app */;
			productType = "com.apple.product-type.application";
		};
		171D235E1883B9FB00E521B5 /* Outlet ExampleTests */ = {
			isa = PBXNativeTarget;
			buildConfigurationList = 171D23731883B9FB00E521B5 /* Build configuration list for PBXNativeTarget "Outlet ExampleTests" */;
			buildPhases = (
				171D235B1883B9FB00E521B5 /* Sources */,
				171D235C1883B9FB00E521B5 /* Frameworks */,
				171D235D1883B9FB00E521B5 /* Resources */,
			);
			buildRules = (
			);
			dependencies = (
				171D23651883B9FB00E521B5 /* PBXTargetDependency */,
			);
			name = "Outlet ExampleTests";
			productName = "Outlet ExampleTests";
			productReference = 171D235F1883B9FB00E521B5 /* Outlet ExampleTests.xctest */;
			productType = "com.apple.product-type.bundle.unit-test";
		};
/* End PBXNativeTarget section */

/* Begin PBXProject section */
		171D23361883B9FB00E521B5 /* Project object */ = {
			isa = PBXProject;
			attributes = {
				CLASSPREFIX = XYZ;
				LastUpgradeCheck = 0500;
				ORGANIZATIONNAME = "Tatsu Ikeda";
				TargetAttributes = {
					171D235E1883B9FB00E521B5 = {
						TestTargetID = 171D233D1883B9FB00E521B5;
					};
				};
			};
			buildConfigurationList = 171D23391883B9FB00E521B5 /* Build configuration list for PBXProject "Outlet Example" */;
			compatibilityVersion = "Xcode 3.2";
			developmentRegion = English;
			hasScannedForEncodings = 0;
			knownRegions = (
				en,
				Base,
			);
			mainGroup = 171D23351883B9FB00E521B5;
			productRefGroup = 171D233F1883B9FB00E521B5 /* Products */;
			projectDirPath = "";
			projectRoot = "";
			targets = (
				171D233D1883B9FB00E521B5 /* Outlet Example */,
				171D235E1883B9FB00E521B5 /* Outlet ExampleTests */,
			);
		};
/* End PBXProject section */

/* Begin PBXResourcesBuildPhase section */
		171D233C1883B9FB00E521B5 /* Resources */ = {
			isa = PBXResourcesBuildPhase;
			buildActionMask = 2147483647;
			files = (
				171D235A1883B9FB00E521B5 /* Images.xcassets in Resources */,
				171D234C1883B9FB00E521B5 /* InfoPlist.strings in Resources */,
				171D23551883B9FB00E521B5 /* Main.storyboard in Resources */,
			);
			runOnlyForDeploymentPostprocessing = 0;
		};
		171D235D1883B9FB00E521B5 /* Resources */ = {
			isa = PBXResourcesBuildPhase;
			buildActionMask = 2147483647;
			files = (
				171D236B1883B9FB00E521B5 /* InfoPlist.strings in Resources */,
			);
			runOnlyForDeploymentPostprocessing = 0;
		};
/* End PBXResourcesBuildPhase section */

/* Begin PBXSourcesBuildPhase section */
		171D233A1883B9FB00E521B5 /* Sources */ = {
			isa = PBXSourcesBuildPhase;
			buildActionMask = 2147483647;
			files = (
				171D23581883B9FB00E521B5 /* XYZViewController.m in Sources */,
				171D23521883B9FB00E521B5 /* XYZAppDelegate.m in Sources */,
				171D234E1883B9FB00E521B5 /* main.m in Sources */,
			);
			runOnlyForDeploymentPostprocessing = 0;
		};
		171D235B1883B9FB00E521B5 /* Sources */ = {
			isa = PBXSourcesBuildPhase;
			buildActionMask = 2147483647;
			files = (
				171D236D1883B9FB00E521B5 /* Outlet_ExampleTests.m in Sources */,
			);
			runOnlyForDeploymentPostprocessing = 0;
		};
/* End PBXSourcesBuildPhase section */

/* Begin PBXTargetDependency section */
		171D23651883B9FB00E521B5 /* PBXTargetDependency */ = {
			isa = PBXTargetDependency;
			target = 171D233D1883B9FB00E521B5 /* Outlet Example */;
			targetProxy = 171D23641883B9FB00E521B5 /* PBXContainerItemProxy */;
		};
/* End PBXTargetDependency section */

/* Begin PBXVariantGroup section */
		171D234A1883B9FB00E521B5 /* InfoPlist.strings */ = {
			isa = PBXVariantGroup;
			children = (
				171D234B1883B9FB00E521B5 /* en */,
			);
			name = InfoPlist.strings;
			sourceTree = "<group>";
		};
		171D23531883B9FB00E521B5 /* Main.storyboard */ = {
			isa = PBXVariantGroup;
			children = (
				171D23541883B9FB00E521B5 /* Base */,
			);
			name = Main.storyboard;
			sourceTree = "<group>";
		};
		171D23691883B9FB00E521B5 /* InfoPlist.strings */ = {
			isa = PBXVariantGroup;
			children = (
				171D236A1883B9FB00E521B5 /* en */,
			);
			name = InfoPlist.strings;
			sourceTree = "<group>";
		};
/* End PBXVariantGroup section */

/* Begin XCBuildConfiguration section */
		171D236E1883B9FB00E521B5 /* Debug */ = {
			isa = XCBuildConfiguration;
			buildSettings = {
				ALWAYS_SEARCH_USER_PATHS = NO;
				ARCHS = "$(ARCHS_STANDARD_INCLUDING_64_BIT)";
				CLANG_CXX_LANGUAGE_STANDARD = "gnu++0x";
				CLANG_CXX_LIBRARY = "libc++";
				CLANG_ENABLE_MODULES = YES;
				CLANG_ENABLE_OBJC_ARC = YES;
				CLANG_WARN_BOOL_CONVERSION = YES;
				CLANG_WARN_CONSTANT_CONVERSION = YES;
				CLANG_WARN_DIRECT_OBJC_ISA_USAGE = YES_ERROR;
				CLANG_WARN_EMPTY_BODY = YES;
				CLANG_WARN_ENUM_CONVERSION = YES;
				CLANG_WARN_INT_CONVERSION = YES;
				CLANG_WARN_OBJC_ROOT_CLASS = YES_ERROR;
				CLANG_WARN__DUPLICATE_METHOD_MATCH = YES;
				"CODE_SIGN_IDENTITY[sdk=iphoneos*]" = "iPhone Developer";
				COPY_PHASE_STRIP = NO;
				GCC_C_LANGUAGE_STANDARD = gnu99;
				GCC_DYNAMIC_NO_PIC = NO;
				GCC_OPTIMIZATION_LEVEL = 0;
				GCC_PREPROCESSOR_DEFINITIONS = (
					"DEBUG=1",
					"$(inherited)",
				);
				GCC_SYMBOLS_PRIVATE_EXTERN = NO;
				GCC_WARN_64_TO_32_BIT_CONVERSION = YES;
				GCC_WARN_ABOUT_RETURN_TYPE = YES_ERROR;
				GCC_WARN_UNDECLARED_SELECTOR = YES;
				GCC_WARN_UNINITIALIZED_AUTOS = YES;
				GCC_WARN_UNUSED_FUNCTION = YES;
				GCC_WARN_UNUSED_VARIABLE = YES;
				IPHONEOS_DEPLOYMENT_TARGET = 7.0;
				ONLY_ACTIVE_ARCH = YES;
				SDKROOT = iphoneos;
			};
			name = Debug;
		};
		171D236F1883B9FB00E521B5 /* Release */ = {
			isa = XCBuildConfiguration;
			buildSettings = {
				ALWAYS_SEARCH_USER_PATHS = NO;
				ARCHS = "$(ARCHS_STANDARD_INCLUDING_64_BIT)";
				CLANG_CXX_LANGUAGE_STANDARD = "gnu++0x";
				CLANG_CXX_LIBRARY = "libc++";
				CLANG_ENABLE_MODULES = YES;
				CLANG_ENABLE_OBJC_ARC = YES;
				CLANG_WARN_BOOL_CONVERSION = YES;
				CLANG_WARN_CONSTANT_CONVERSION = YES;
				CLANG_WARN_DIRECT_OBJC_ISA_USAGE = YES_ERROR;
				CLANG_WARN_EMPTY_BODY = YES;
				CLANG_WARN_ENUM_CONVERSION = YES;
				CLANG_WARN_INT_CONVERSION = YES;
				CLANG_WARN_OBJC_ROOT_CLASS = YES_ERROR;
				CLANG_WARN__DUPLICATE_METHOD_MATCH = YES;
				"CODE_SIGN_IDENTITY[sdk=iphoneos*]" = "iPhone Developer";
				COPY_PHASE_STRIP = YES;
				ENABLE_NS_ASSERTIONS = NO;
				GCC_C_LANGUAGE_STANDARD = gnu99;
				GCC_WARN_64_TO_32_BIT_CONVERSION = YES;
				GCC_WARN_ABOUT_RETURN_TYPE = YES_ERROR;
				GCC_WARN_UNDECLARED_SELECTOR = YES;
				GCC_WARN_UNINITIALIZED_AUTOS = YES;
				GCC_WARN_UNUSED_FUNCTION = YES;
				GCC_WARN_UNUSED_VARIABLE = YES;
				IPHONEOS_DEPLOYMENT_TARGET = 7.0;
				SDKROOT = iphoneos;
				VALIDATE_PRODUCT = YES;
			};
			name = Release;
		};
		171D23711883B9FB00E521B5 /* Debug */ = {
			isa = XCBuildConfiguration;
			buildSettings = {
				ASSETCATALOG_COMPILER_APPICON_NAME = AppIcon;
				ASSETCATALOG_COMPILER_LAUNCHIMAGE_NAME = LaunchImage;
				GCC_PRECOMPILE_PREFIX_HEADER = YES;
				GCC_PREFIX_HEADER = "Outlet Example/Outlet Example-Prefix.pch";
				INFOPLIST_FILE = "Outlet Example/Outlet Example-Info.plist";
				PRODUCT_NAME = "$(TARGET_NAME)";
				WRAPPER_EXTENSION = app;
			};
			name = Debug;
		};
		171D23721883B9FB00E521B5 /* Release */ = {
			isa = XCBuildConfiguration;
			buildSettings = {
				ASSETCATALOG_COMPILER_APPICON_NAME = AppIcon;
				ASSETCATALOG_COMPILER_LAUNCHIMAGE_NAME = LaunchImage;
				GCC_PRECOMPILE_PREFIX_HEADER = YES;
				GCC_PREFIX_HEADER = "Outlet Example/Outlet Example-Prefix.pch";
				INFOPLIST_FILE = "Outlet Example/Outlet Example-Info.plist";
				PRODUCT_NAME = "$(TARGET_NAME)";
				WRAPPER_EXTENSION = app;
			};
			name = Release;
		};
		171D23741883B9FB00E521B5 /* Debug */ = {
			isa = XCBuildConfiguration;
			buildSettings = {
				ARCHS = "$(ARCHS_STANDARD_INCLUDING_64_BIT)";
				BUNDLE_LOADER = "$(BUILT_PRODUCTS_DIR)/Outlet Example.app/Outlet Example";
				FRAMEWORK_SEARCH_PATHS = (
					"$(SDKROOT)/Developer/Library/Frameworks",
					"$(inherited)",
					"$(DEVELOPER_FRAMEWORKS_DIR)",
				);
				GCC_PRECOMPILE_PREFIX_HEADER = YES;
				GCC_PREFIX_HEADER = "Outlet Example/Outlet Example-Prefix.pch";
				GCC_PREPROCESSOR_DEFINITIONS = (
					"DEBUG=1",
					"$(inherited)",
				);
				INFOPLIST_FILE = "Outlet ExampleTests/Outlet ExampleTests-Info.plist";
				PRODUCT_NAME = "$(TARGET_NAME)";
				TEST_HOST = "$(BUNDLE_LOADER)";
				WRAPPER_EXTENSION = xctest;
			};
			name = Debug;
		};
		171D23751883B9FB00E521B5 /* Release */ = {
			isa = XCBuildConfiguration;
			buildSettings = {
				ARCHS = "$(ARCHS_STANDARD_INCLUDING_64_BIT)";
				BUNDLE_LOADER = "$(BUILT_PRODUCTS_DIR)/Outlet Example.app/Outlet Example";
				FRAMEWORK_SEARCH_PATHS = (
					"$(SDKROOT)/Developer/Library/Frameworks",
					"$(inherited)",
					"$(DEVELOPER_FRAMEWORKS_DIR)",
				);
				GCC_PRECOMPILE_PREFIX_HEADER = YES;
				GCC_PREFIX_HEADER = "Outlet Example/Outlet Example-Prefix.pch";
				INFOPLIST_FILE = "Outlet ExampleTests/Outlet ExampleTests-Info.plist";
				PRODUCT_NAME = "$(TARGET_NAME)";
				TEST_HOST = "$(BUNDLE_LOADER)";
				WRAPPER_EXTENSION = xctest;
			};
			name = Release;
		};
/* End XCBuildConfiguration section */

/* Begin XCConfigurationList section */
		171D23391883B9FB00E521B5 /* Build configuration list for PBXProject "Outlet Example" */ = {
			isa = XCConfigurationList;
			buildConfigurations = (
				171D236E1883B9FB00E521B5 /* Debug */,
				171D236F1883B9FB00E521B5 /* Release */,
			);
			defaultConfigurationIsVisible = 0;
			defaultConfigurationName = Release;
		};
		171D23701883B9FB00E521B5 /* Build configuration list for PBXNativeTarget "Outlet Example" */ = {
			isa = XCConfigurationList;
			buildConfigurations = (
				171D23711883B9FB00E521B5 /* Debug */,
				171D23721883B9FB00E521B5 /* Release */,
			);
			defaultConfigurationIsVisible = 0;
		};
		171D23731883B9FB00E521B5 /* Build configuration list for PBXNativeTarget "Outlet ExampleTests" */ = {
			isa = XCConfigurationList;
			buildConfigurations = (
				171D23741883B9FB00E521B5 /* Debug */,
				171D23751883B9FB00E521B5 /* Release */,
			);
			defaultConfigurationIsVisible = 0;
		};
/* End XCConfigurationList section */
	};
	rootObject = 171D23361883B9FB00E521B5 /* Project object */;
}
